
Microsoft Visual Studio Solution File, Format Version 12.00
# Visual Studio 15
VisualStudioVersion = 15.0.28307.2092
MinimumVisualStudioVersion = 10.0.40219.1
Project("{FAE04EC0-301F-11D3-BF4B-00C04F79EFBC}") = "ornek1", "ornek1\ornek1.csproj", "{DEFEC02D-848B-435C-8F9D-86B0E2206FF8}"
EndProject
Global
	GlobalSection(SolutionConfigurationPlatforms) = preSolution
		Debug|Any CPU = Debug|Any CPU
		Release|Any CPU = Release|Any CPU
	EndGlobalSection
	GlobalSection(ProjectConfigurationPlatforms) = postSolution
		{DEFEC02D-848B-435C-8F9D-86B0E2206FF8}.Debug|Any CPU.ActiveCfg = Debug|Any CPU
		{DEFEC02D-848B-435C-8F9D-86B0E2206FF8}.Debug|Any CPU.Build.0 = Debug|Any CPU
		{DEFEC02D-848B-435C-8F9D-86B0E2206FF8}.Release|Any CPU.ActiveCfg = Release|Any CPU
		{DEFEC02D-848B-435C-8F9D-86B0E2206FF8}.Release|Any CPU.Build.0 = Release|Any CPU
	EndGlobalSection
	GlobalSection(SolutionProperties) = preSolution
		HideSolutionNode = FALSE
	EndGlobalSection
	GlobalSection(ExtensibilityGlobals) = postSolution
		SolutionGuid = {359198E2-1EAE-4BA1-A183-9E4DC0AD075F}
	EndGlobalSection
EndGlobal
