
Microsoft Visual Studio Solution File, Format Version 12.00
# Visual Studio 15
VisualStudioVersion = 15.0.28307.2092
MinimumVisualStudioVersion = 10.0.40219.1
Project("{FAE04EC0-301F-11D3-BF4B-00C04F79EFBC}") = "ornek3whiledongu", "ornek3whiledongu\ornek3whiledongu.csproj", "{121AADCD-3BC9-44FB-A822-AEAF0D47B00D}"
EndProject
Global
	GlobalSection(SolutionConfigurationPlatforms) = preSolution
		Debug|Any CPU = Debug|Any CPU
		Release|Any CPU = Release|Any CPU
	EndGlobalSection
	GlobalSection(ProjectConfigurationPlatforms) = postSolution
		{121AADCD-3BC9-44FB-A822-AEAF0D47B00D}.Debug|Any CPU.ActiveCfg = Debug|Any CPU
		{121AADCD-3BC9-44FB-A822-AEAF0D47B00D}.Debug|Any CPU.Build.0 = Debug|Any CPU
		{121AADCD-3BC9-44FB-A822-AEAF0D47B00D}.Release|Any CPU.ActiveCfg = Release|Any CPU
		{121AADCD-3BC9-44FB-A822-AEAF0D47B00D}.Release|Any CPU.Build.0 = Release|Any CPU
	EndGlobalSection
	GlobalSection(SolutionProperties) = preSolution
		HideSolutionNode = FALSE
	EndGlobalSection
	GlobalSection(ExtensibilityGlobals) = postSolution
		SolutionGuid = {BA7C505D-9835-40F2-B3DE-3DD88DC41EEE}
	EndGlobalSection
EndGlobal
