
Microsoft Visual Studio Solution File, Format Version 12.00
# Visual Studio 15
VisualStudioVersion = 15.0.28307.2092
MinimumVisualStudioVersion = 10.0.40219.1
Project("{FAE04EC0-301F-11D3-BF4B-00C04F79EFBC}") = "ornek9", "ornek9\ornek9.csproj", "{A0FD085E-B559-4401-A81F-D332A6A51356}"
EndProject
Global
	GlobalSection(SolutionConfigurationPlatforms) = preSolution
		Debug|Any CPU = Debug|Any CPU
		Release|Any CPU = Release|Any CPU
	EndGlobalSection
	GlobalSection(ProjectConfigurationPlatforms) = postSolution
		{A0FD085E-B559-4401-A81F-D332A6A51356}.Debug|Any CPU.ActiveCfg = Debug|Any CPU
		{A0FD085E-B559-4401-A81F-D332A6A51356}.Debug|Any CPU.Build.0 = Debug|Any CPU
		{A0FD085E-B559-4401-A81F-D332A6A51356}.Release|Any CPU.ActiveCfg = Release|Any CPU
		{A0FD085E-B559-4401-A81F-D332A6A51356}.Release|Any CPU.Build.0 = Release|Any CPU
	EndGlobalSection
	GlobalSection(SolutionProperties) = preSolution
		HideSolutionNode = FALSE
	EndGlobalSection
	GlobalSection(ExtensibilityGlobals) = postSolution
		SolutionGuid = {411D25C6-C699-474D-B713-A9F5C9170FDB}
	EndGlobalSection
EndGlobal
