
Microsoft Visual Studio Solution File, Format Version 12.00
# Visual Studio 15
VisualStudioVersion = 15.0.28307.2092
MinimumVisualStudioVersion = 10.0.40219.1
Project("{FAE04EC0-301F-11D3-BF4B-00C04F79EFBC}") = "ornek6", "ornek6\ornek6.csproj", "{BE964476-9E15-497A-AFA6-3FD1D045D39B}"
EndProject
Global
	GlobalSection(SolutionConfigurationPlatforms) = preSolution
		Debug|Any CPU = Debug|Any CPU
		Release|Any CPU = Release|Any CPU
	EndGlobalSection
	GlobalSection(ProjectConfigurationPlatforms) = postSolution
		{BE964476-9E15-497A-AFA6-3FD1D045D39B}.Debug|Any CPU.ActiveCfg = Debug|Any CPU
		{BE964476-9E15-497A-AFA6-3FD1D045D39B}.Debug|Any CPU.Build.0 = Debug|Any CPU
		{BE964476-9E15-497A-AFA6-3FD1D045D39B}.Release|Any CPU.ActiveCfg = Release|Any CPU
		{BE964476-9E15-497A-AFA6-3FD1D045D39B}.Release|Any CPU.Build.0 = Release|Any CPU
	EndGlobalSection
	GlobalSection(SolutionProperties) = preSolution
		HideSolutionNode = FALSE
	EndGlobalSection
	GlobalSection(ExtensibilityGlobals) = postSolution
		SolutionGuid = {A6D671AB-512C-45D2-B1BB-BC176048F8FB}
	EndGlobalSection
EndGlobal
