
Microsoft Visual Studio Solution File, Format Version 12.00
# Visual Studio 15
VisualStudioVersion = 15.0.28307.2092
MinimumVisualStudioVersion = 10.0.40219.1
Project("{FAE04EC0-301F-11D3-BF4B-00C04F79EFBC}") = "ornek9", "ornek9\ornek9.csproj", "{3FE6B92E-F282-47A5-A280-7D941A626866}"
EndProject
Global
	GlobalSection(SolutionConfigurationPlatforms) = preSolution
		Debug|Any CPU = Debug|Any CPU
		Release|Any CPU = Release|Any CPU
	EndGlobalSection
	GlobalSection(ProjectConfigurationPlatforms) = postSolution
		{3FE6B92E-F282-47A5-A280-7D941A626866}.Debug|Any CPU.ActiveCfg = Debug|Any CPU
		{3FE6B92E-F282-47A5-A280-7D941A626866}.Debug|Any CPU.Build.0 = Debug|Any CPU
		{3FE6B92E-F282-47A5-A280-7D941A626866}.Release|Any CPU.ActiveCfg = Release|Any CPU
		{3FE6B92E-F282-47A5-A280-7D941A626866}.Release|Any CPU.Build.0 = Release|Any CPU
	EndGlobalSection
	GlobalSection(SolutionProperties) = preSolution
		HideSolutionNode = FALSE
	EndGlobalSection
	GlobalSection(ExtensibilityGlobals) = postSolution
		SolutionGuid = {C86DED11-5F9A-42AD-A38B-2C3035E363E4}
	EndGlobalSection
EndGlobal
